
Microsoft Visual Studio Solution File, Format Version 12.00
# Visual Studio 2012
Project("{FAE04EC0-301F-11D3-BF4B-00C04F79EFBC}") = "NuUpdate", "NuUpdate\NuUpdate.csproj", "{B0EAE83E-881E-477B-B153-BFD6CC25B070}"
EndProject
Project("{2150E333-8FDC-42A3-9474-1A3956D46DE8}") = ".nuget", ".nuget", "{F85DCAE7-D65E-4292-968F-FE11D34EBE40}"
	ProjectSection(SolutionItems) = preProject
		.nuget\NuGet.Config = .nuget\NuGet.Config
		.nuget\NuGet.exe = .nuget\NuGet.exe
		.nuget\NuGet.targets = .nuget\NuGet.targets
	EndProjectSection
EndProject
Project("{FAE04EC0-301F-11D3-BF4B-00C04F79EFBC}") = "NuUpdate.Tests", "NuUpdate.Tests\NuUpdate.Tests.csproj", "{F80E29B3-74D2-4098-8ACF-D3B6F4BF04A5}"
EndProject
Project("{FAE04EC0-301F-11D3-BF4B-00C04F79EFBC}") = "NuUpdate.NuGetTestServer", "NuUpdate.NuGetTestServer\NuUpdate.NuGetTestServer.csproj", "{C1599B21-E3D3-4399-B4C8-97C51C3EC529}"
EndProject
Project("{2150E333-8FDC-42A3-9474-1A3956D46DE8}") = "Demos", "Demos", "{6A48C02C-AA18-4539-8EA7-71A7963BAA3C}"
	ProjectSection(SolutionItems) = preProject
		StartIISExpress.ps1 = StartIISExpress.ps1
	EndProjectSection
EndProject
Project("{FAE04EC0-301F-11D3-BF4B-00C04F79EFBC}") = "DemoApp.V1", "Demos\DemoApp.V1\DemoApp.V1.csproj", "{C0C0ACE7-A31F-4821-A1A9-995A0B43D4BF}"
EndProject
Project("{FAE04EC0-301F-11D3-BF4B-00C04F79EFBC}") = "DemoApp.V2", "Demos\DemoApp.V2\DemoApp.V2.csproj", "{A175855D-2878-4221-8B02-1A7BDCDA4CFE}"
EndProject
Project("{FAE04EC0-301F-11D3-BF4B-00C04F79EFBC}") = "NuUpdate.Installer", "NuUpdate.Installer\NuUpdate.Installer.csproj", "{E993C187-70E8-4170-9F49-90610216256C}"
	ProjectSection(ProjectDependencies) = postProject
		{01798A15-C9F6-4772-955B-771066459F7D} = {01798A15-C9F6-4772-955B-771066459F7D}
	EndProjectSection
EndProject
Project("{FAE04EC0-301F-11D3-BF4B-00C04F79EFBC}") = "NuUpdate.Installer.Preparer", "NuUpdate.Installer.Preparer\NuUpdate.Installer.Preparer.csproj", "{01798A15-C9F6-4772-955B-771066459F7D}"
EndProject
Global
	GlobalSection(SolutionConfigurationPlatforms) = preSolution
		Debug|Any CPU = Debug|Any CPU
		Release|Any CPU = Release|Any CPU
	EndGlobalSection
	GlobalSection(ProjectConfigurationPlatforms) = postSolution
		{B0EAE83E-881E-477B-B153-BFD6CC25B070}.Debug|Any CPU.ActiveCfg = Debug|Any CPU
		{B0EAE83E-881E-477B-B153-BFD6CC25B070}.Debug|Any CPU.Build.0 = Debug|Any CPU
		{B0EAE83E-881E-477B-B153-BFD6CC25B070}.Release|Any CPU.ActiveCfg = Release|Any CPU
		{B0EAE83E-881E-477B-B153-BFD6CC25B070}.Release|Any CPU.Build.0 = Release|Any CPU
		{F80E29B3-74D2-4098-8ACF-D3B6F4BF04A5}.Debug|Any CPU.ActiveCfg = Debug|Any CPU
		{F80E29B3-74D2-4098-8ACF-D3B6F4BF04A5}.Debug|Any CPU.Build.0 = Debug|Any CPU
		{F80E29B3-74D2-4098-8ACF-D3B6F4BF04A5}.Release|Any CPU.ActiveCfg = Release|Any CPU
		{F80E29B3-74D2-4098-8ACF-D3B6F4BF04A5}.Release|Any CPU.Build.0 = Release|Any CPU
		{C1599B21-E3D3-4399-B4C8-97C51C3EC529}.Debug|Any CPU.ActiveCfg = Debug|Any CPU
		{C1599B21-E3D3-4399-B4C8-97C51C3EC529}.Debug|Any CPU.Build.0 = Debug|Any CPU
		{C1599B21-E3D3-4399-B4C8-97C51C3EC529}.Release|Any CPU.ActiveCfg = Release|Any CPU
		{C1599B21-E3D3-4399-B4C8-97C51C3EC529}.Release|Any CPU.Build.0 = Release|Any CPU
		{C0C0ACE7-A31F-4821-A1A9-995A0B43D4BF}.Debug|Any CPU.ActiveCfg = Debug|Any CPU
		{C0C0ACE7-A31F-4821-A1A9-995A0B43D4BF}.Debug|Any CPU.Build.0 = Debug|Any CPU
		{C0C0ACE7-A31F-4821-A1A9-995A0B43D4BF}.Release|Any CPU.ActiveCfg = Release|Any CPU
		{C0C0ACE7-A31F-4821-A1A9-995A0B43D4BF}.Release|Any CPU.Build.0 = Release|Any CPU
		{A175855D-2878-4221-8B02-1A7BDCDA4CFE}.Debug|Any CPU.ActiveCfg = Debug|Any CPU
		{A175855D-2878-4221-8B02-1A7BDCDA4CFE}.Debug|Any CPU.Build.0 = Debug|Any CPU
		{A175855D-2878-4221-8B02-1A7BDCDA4CFE}.Release|Any CPU.ActiveCfg = Release|Any CPU
		{A175855D-2878-4221-8B02-1A7BDCDA4CFE}.Release|Any CPU.Build.0 = Release|Any CPU
		{E993C187-70E8-4170-9F49-90610216256C}.Debug|Any CPU.ActiveCfg = Debug|Any CPU
		{E993C187-70E8-4170-9F49-90610216256C}.Debug|Any CPU.Build.0 = Debug|Any CPU
		{E993C187-70E8-4170-9F49-90610216256C}.Release|Any CPU.ActiveCfg = Release|Any CPU
		{E993C187-70E8-4170-9F49-90610216256C}.Release|Any CPU.Build.0 = Release|Any CPU
		{01798A15-C9F6-4772-955B-771066459F7D}.Debug|Any CPU.ActiveCfg = Debug|Any CPU
		{01798A15-C9F6-4772-955B-771066459F7D}.Debug|Any CPU.Build.0 = Debug|Any CPU
		{01798A15-C9F6-4772-955B-771066459F7D}.Release|Any CPU.ActiveCfg = Release|Any CPU
		{01798A15-C9F6-4772-955B-771066459F7D}.Release|Any CPU.Build.0 = Release|Any CPU
	EndGlobalSection
	GlobalSection(SolutionProperties) = preSolution
		HideSolutionNode = FALSE
	EndGlobalSection
	GlobalSection(NestedProjects) = preSolution
		{C0C0ACE7-A31F-4821-A1A9-995A0B43D4BF} = {6A48C02C-AA18-4539-8EA7-71A7963BAA3C}
		{A175855D-2878-4221-8B02-1A7BDCDA4CFE} = {6A48C02C-AA18-4539-8EA7-71A7963BAA3C}
	EndGlobalSection
EndGlobal
